// !$*UTF8*$!
{
	archiveVersion = 1;
	classes = {
	};
	objectVersion = 46;
	objects = {

/* Begin PBXBuildFile section */
		3201088596B4756681693705 /* libThree20UICommon.a in Frameworks */ = {isa = PBXBuildFile; fileRef = 3201088596B4756681693704 /* libThree20UICommon.a */; };
		320A2827FEC940B25BC42C65 /* libThree20Core.a in Frameworks */ = {isa = PBXBuildFile; fileRef = 320A2827FEC940B25BC42C64 /* libThree20Core.a */; };
		320A5A189C235877202780D5 /* libThree20Network.a in Frameworks */ = {isa = PBXBuildFile; fileRef = 320A5A189C235877202780D4 /* libThree20Network.a */; };
		320A737074758E53BA54BE95 /* libThree20UINavigator.a in Frameworks */ = {isa = PBXBuildFile; fileRef = 320A737074758E53BA54BE94 /* libThree20UINavigator.a */; };
		320AF8492C47A4D819F7C451 /* QuartzCore.framework in Frameworks */ = {isa = PBXBuildFile; fileRef = 320AF8492C47A4D819F7C450 /* QuartzCore.framework */; };
		320B6C86F11D9990244A9731 /* Three20.bundle in Resources */ = {isa = PBXBuildFile; fileRef = 320B6C86F11D9990244A9730 /* Three20.bundle */; };
		320CC833B8AF0ACFD35E6225 /* libThree20Style.a in Frameworks */ = {isa = PBXBuildFile; fileRef = 320CC833B8AF0ACFD35E6224 /* libThree20Style.a */; };
		320D7DCCE32703ACAB9A45E5 /* libThree20.a in Frameworks */ = {isa = PBXBuildFile; fileRef = 320D7DCCE32703ACAB9A45E4 /* libThree20.a */; };
		320F2C48872C2E2C4DF86205 /* libThree20UI.a in Frameworks */ = {isa = PBXBuildFile; fileRef = 89845FC8162606090005ECF6 /* libThree20UI.a */; };
		82CDD00DCB0FF4EF79B7B448 /* TagItemsController.m in Sources */ = {isa = PBXBuildFile; fileRef = 82CDD05F5A06F579B85F4788 /* TagItemsController.m */; };
		82CDD05141C718BDC210A40B /* UILine.m in Sources */ = {isa = PBXBuildFile; fileRef = 82CDD178A32F0A907428C925 /* UILine.m */; };
		82CDD276EA0BB589F79F9F52 /* CustomTagCell.m in Sources */ = {isa = PBXBuildFile; fileRef = 82CDD3FBEF8478A9FCCE46EE /* CustomTagCell.m */; };
		82CDD2F3487F6CE16E30BBED /* QiitaTags.m in Sources */ = {isa = PBXBuildFile; fileRef = 82CDDFF3381EA0F2802B2420 /* QiitaTags.m */; };
		82CDD4B1B8DEC99D5718A7F0 /* ItemListViewController.m in Sources */ = {isa = PBXBuildFile; fileRef = 82CDD5E183F0AD6A5633DF4A /* ItemListViewController.m */; };
		82CDD5A3E488F1CDC82F64A2 /* Item.m in Sources */ = {isa = PBXBuildFile; fileRef = 82CDDCCB041441235A1903BA /* Item.m */; };
		82CDD681AA9049F3FB2D8375 /* TagController.m in Sources */ = {isa = PBXBuildFile; fileRef = 82CDD8782334DE61A8EA8D8D /* TagController.m */; };
		82CDD7D0C2F26016BEE429E3 /* QiitaUser.m in Sources */ = {isa = PBXBuildFile; fileRef = 82CDD0C5F66E8214DD2935FA /* QiitaUser.m */; };
		82CDDC9AA02CA312ED27785C /* Tag.m in Sources */ = {isa = PBXBuildFile; fileRef = 82CDD148E0232A7D5D4D574F /* Tag.m */; };
		82CDDED3F34EE981AD09F008 /* QiitaTagItems.m in Sources */ = {isa = PBXBuildFile; fileRef = 82CDD06FC80612983FAA31E9 /* QiitaTagItems.m */; };
		82CDDEF2E612F5194E875E1E /* TagCollectionViewController.m in Sources */ = {isa = PBXBuildFile; fileRef = 82CDD1AE9D7F314C8DF9E31F /* TagCollectionViewController.m */; };
		82CDDF37BDE80C391FD331D8 /* CollectionViewController.m in Sources */ = {isa = PBXBuildFile; fileRef = 82CDDA683804E07EF1556A5D /* CollectionViewController.m */; };
		896D046B16262E65000DB7FA /* MessageUI.framework in Frameworks */ = {isa = PBXBuildFile; fileRef = 896D046A16262E65000DB7FA /* MessageUI.framework */; };
		896D04C1162632BE000DB7FA /* libBlocksKit.a in Frameworks */ = {isa = PBXBuildFile; fileRef = 896D045F16262C22000DB7FA /* libBlocksKit.a */; };
		896D070416263BF3000DB7FA /* View.xib in Resources */ = {isa = PBXBuildFile; fileRef = 896D070316263BF3000DB7FA /* View.xib */; };
		896D0D4F16283B6F000DB7FA /* Default-568h@2x.png in Resources */ = {isa = PBXBuildFile; fileRef = 896D0D4E16283B6F000DB7FA /* Default-568h@2x.png */; };
		896D0D5116283CAF000DB7FA /* Default@2x.png in Resources */ = {isa = PBXBuildFile; fileRef = 896D0D5016283CAF000DB7FA /* Default@2x.png */; };
		896D0D5316283CB7000DB7FA /* Default.png in Resources */ = {isa = PBXBuildFile; fileRef = 896D0D5216283CB7000DB7FA /* Default.png */; };
		896D0D5516283CF7000DB7FA /* koropo_icon_57x57.png in Resources */ = {isa = PBXBuildFile; fileRef = 896D0D5416283CF7000DB7FA /* koropo_icon_57x57.png */; };
		896D0D5716283CFB000DB7FA /* koropo_icon_114x114.png in Resources */ = {isa = PBXBuildFile; fileRef = 896D0D5616283CFB000DB7FA /* koropo_icon_114x114.png */; };
		89845F6D162601110005ECF6 /* UIKit.framework in Frameworks */ = {isa = PBXBuildFile; fileRef = 89845F6C162601110005ECF6 /* UIKit.framework */; };
		89845F6F162601110005ECF6 /* Foundation.framework in Frameworks */ = {isa = PBXBuildFile; fileRef = 89845F6E162601110005ECF6 /* Foundation.framework */; };
		89845F71162601110005ECF6 /* CoreGraphics.framework in Frameworks */ = {isa = PBXBuildFile; fileRef = 89845F70162601110005ECF6 /* CoreGraphics.framework */; };
		89845F73162601110005ECF6 /* CoreData.framework in Frameworks */ = {isa = PBXBuildFile; fileRef = 89845F72162601110005ECF6 /* CoreData.framework */; };
		89845F79162601110005ECF6 /* InfoPlist.strings in Resources */ = {isa = PBXBuildFile; fileRef = 89845F77162601110005ECF6 /* InfoPlist.strings */; };
		89845F7B162601110005ECF6 /* main.m in Sources */ = {isa = PBXBuildFile; fileRef = 89845F7A162601110005ECF6 /* main.m */; };
		89845F7F162601110005ECF6 /* AppDelegate.m in Sources */ = {isa = PBXBuildFile; fileRef = 89845F7E162601110005ECF6 /* AppDelegate.m */; };
		89845F88162601110005ECF6 /* korpokkur.xcdatamodeld in Sources */ = {isa = PBXBuildFile; fileRef = 89845F86162601110005ECF6 /* korpokkur.xcdatamodeld */; };
		89846085162609D10005ECF6 /* libextThree20JSON+SBJSON.a in Frameworks */ = {isa = PBXBuildFile; fileRef = 89846080162609C70005ECF6 /* libextThree20JSON+SBJSON.a */; };
/* End PBXBuildFile section */

/* Begin PBXContainerItemProxy section */
		3201088596B4756681693702 /* PBXContainerItemProxy */ = {
			isa = PBXContainerItemProxy;
			containerPortal = 3201088596B4756681693700 /* Three20UICommon.xcodeproj */;
			proxyType = 1;
			remoteGlobalIDString = BEF31F390F352DF5000DE5D2;
			remoteInfo = Three20UICommon;
		};
		3201088596B4756681693706 /* PBXContainerItemProxy */ = {
			isa = PBXContainerItemProxy;
			containerPortal = 3201088596B4756681693700 /* Three20UICommon.xcodeproj */;
			proxyType = 2;
			remoteGlobalIDString = BEF31F3A0F352DF5000DE5D2;
			remoteInfo = Three20UICommon;
		};
		320A2827FEC940B25BC42C62 /* PBXContainerItemProxy */ = {
			isa = PBXContainerItemProxy;
			containerPortal = 320A2827FEC940B25BC42C60 /* Three20Core.xcodeproj */;
			proxyType = 1;
			remoteGlobalIDString = BEF31F390F352DF5000DE5D2;
			remoteInfo = Three20Core;
		};
		320A2827FEC940B25BC42C66 /* PBXContainerItemProxy */ = {
			isa = PBXContainerItemProxy;
			containerPortal = 320A2827FEC940B25BC42C60 /* Three20Core.xcodeproj */;
			proxyType = 2;
			remoteGlobalIDString = BEF31F3A0F352DF5000DE5D2;
			remoteInfo = Three20Core;
		};
		320A5A189C235877202780D2 /* PBXContainerItemProxy */ = {
			isa = PBXContainerItemProxy;
			containerPortal = 320A5A189C235877202780D0 /* Three20Network.xcodeproj */;
			proxyType = 1;
			remoteGlobalIDString = BEF31F390F352DF5000DE5D2;
			remoteInfo = Three20Network;
		};
		320A5A189C235877202780D6 /* PBXContainerItemProxy */ = {
			isa = PBXContainerItemProxy;
			containerPortal = 320A5A189C235877202780D0 /* Three20Network.xcodeproj */;
			proxyType = 2;
			remoteGlobalIDString = BEF31F3A0F352DF5000DE5D2;
			remoteInfo = Three20Network;
		};
		320A737074758E53BA54BE92 /* PBXContainerItemProxy */ = {
			isa = PBXContainerItemProxy;
			containerPortal = 320A737074758E53BA54BE90 /* Three20UINavigator.xcodeproj */;
			proxyType = 1;
			remoteGlobalIDString = BEF31F390F352DF5000DE5D2;
			remoteInfo = Three20UINavigator;
		};
		320A737074758E53BA54BE96 /* PBXContainerItemProxy */ = {
			isa = PBXContainerItemProxy;
			containerPortal = 320A737074758E53BA54BE90 /* Three20UINavigator.xcodeproj */;
			proxyType = 2;
			remoteGlobalIDString = BEF31F3A0F352DF5000DE5D2;
			remoteInfo = Three20UINavigator;
		};
		320CC833B8AF0ACFD35E6222 /* PBXContainerItemProxy */ = {
			isa = PBXContainerItemProxy;
			containerPortal = 320CC833B8AF0ACFD35E6220 /* Three20Style.xcodeproj */;
			proxyType = 1;
			remoteGlobalIDString = BEF31F390F352DF5000DE5D2;
			remoteInfo = Three20Style;
		};
		320CC833B8AF0ACFD35E6226 /* PBXContainerItemProxy */ = {
			isa = PBXContainerItemProxy;
			containerPortal = 320CC833B8AF0ACFD35E6220 /* Three20Style.xcodeproj */;
			proxyType = 2;
			remoteGlobalIDString = BEF31F3A0F352DF5000DE5D2;
			remoteInfo = Three20Style;
		};
		320D7DCCE32703ACAB9A45E2 /* PBXContainerItemProxy */ = {
			isa = PBXContainerItemProxy;
			containerPortal = 320D7DCCE32703ACAB9A45E0 /* Three20.xcodeproj */;
			proxyType = 1;
			remoteGlobalIDString = BEF31F390F352DF5000DE5D2;
			remoteInfo = Three20;
		};
		320D7DCCE32703ACAB9A45E6 /* PBXContainerItemProxy */ = {
			isa = PBXContainerItemProxy;
			containerPortal = 320D7DCCE32703ACAB9A45E0 /* Three20.xcodeproj */;
			proxyType = 2;
			remoteGlobalIDString = BEF31F3A0F352DF5000DE5D2;
			remoteInfo = Three20;
		};
		320F2C48872C2E2C4DF86202 /* PBXContainerItemProxy */ = {
			isa = PBXContainerItemProxy;
			containerPortal = 320F2C48872C2E2C4DF86200 /* Three20UI.xcodeproj */;
			proxyType = 1;
			remoteGlobalIDString = BEF31F390F352DF5000DE5D2;
			remoteInfo = Three20UI;
		};
		896D045E16262C22000DB7FA /* PBXContainerItemProxy */ = {
			isa = PBXContainerItemProxy;
			containerPortal = 896D045116262C21000DB7FA /* BlocksKit.xcodeproj */;
			proxyType = 2;
			remoteGlobalIDString = 6C3DBF8D1382F1BA00E6C9AA;
			remoteInfo = "iOS Library";
		};
		896D046016262C22000DB7FA /* PBXContainerItemProxy */ = {
			isa = PBXContainerItemProxy;
			containerPortal = 896D045116262C21000DB7FA /* BlocksKit.xcodeproj */;
			proxyType = 2;
			remoteGlobalIDString = 6CC40A751447BB1400E47595;
			remoteInfo = "OS X Framework";
		};
		896D046216262C22000DB7FA /* PBXContainerItemProxy */ = {
			isa = PBXContainerItemProxy;
			containerPortal = 896D045116262C21000DB7FA /* BlocksKit.xcodeproj */;
			proxyType = 2;
			remoteGlobalIDString = 6CC08FCE1385555D00DDEABB;
			remoteInfo = "OS X Library";
		};
		896D046416262C22000DB7FA /* PBXContainerItemProxy */ = {
			isa = PBXContainerItemProxy;
			containerPortal = 896D045116262C21000DB7FA /* BlocksKit.xcodeproj */;
			proxyType = 2;
			remoteGlobalIDString = 6CC0900913855CAE00DDEABB;
			remoteInfo = "Chameleon Library";
		};
		896D046616262C22000DB7FA /* PBXContainerItemProxy */ = {
			isa = PBXContainerItemProxy;
			containerPortal = 896D045116262C21000DB7FA /* BlocksKit.xcodeproj */;
			proxyType = 2;
			remoteGlobalIDString = 60FF000713C023CB004A1394;
			remoteInfo = "iOS Tests";
		};
		896D04C2162632F4000DB7FA /* PBXContainerItemProxy */ = {
			isa = PBXContainerItemProxy;
			containerPortal = 896D045116262C21000DB7FA /* BlocksKit.xcodeproj */;
			proxyType = 1;
			remoteGlobalIDString = 6C3DBF8C1382F1BA00E6C9AA;
			remoteInfo = "iOS Library";
		};
		89845FBA162606080005ECF6 /* PBXContainerItemProxy */ = {
			isa = PBXContainerItemProxy;
			containerPortal = 320A5A189C235877202780D0 /* Three20Network.xcodeproj */;
			proxyType = 2;
			remoteGlobalIDString = EB9E6C6210B6A8F800DE563C;
			remoteInfo = Three20NetworkUnitTests;
		};
		89845FBD162606080005ECF6 /* PBXContainerItemProxy */ = {
			isa = PBXContainerItemProxy;
			containerPortal = 320CC833B8AF0ACFD35E6220 /* Three20Style.xcodeproj */;
			proxyType = 2;
			remoteGlobalIDString = EB9E6C6210B6A8F800DE563C;
			remoteInfo = Three20StyleUnitTests;
		};
		89845FC7162606090005ECF6 /* PBXContainerItemProxy */ = {
			isa = PBXContainerItemProxy;
			containerPortal = 320F2C48872C2E2C4DF86200 /* Three20UI.xcodeproj */;
			proxyType = 2;
			remoteGlobalIDString = BEF31F3A0F352DF5000DE5D2;
			remoteInfo = Three20UI;
		};
		89845FC9162606090005ECF6 /* PBXContainerItemProxy */ = {
			isa = PBXContainerItemProxy;
			containerPortal = 320F2C48872C2E2C4DF86200 /* Three20UI.xcodeproj */;
			proxyType = 2;
			remoteGlobalIDString = EB9E6C6210B6A8F800DE563C;
			remoteInfo = Three20UIUnitTests;
		};
		89845FFD1626064C0005ECF6 /* PBXContainerItemProxy */ = {
			isa = PBXContainerItemProxy;
			containerPortal = 320D7DCCE32703ACAB9A45E0 /* Three20.xcodeproj */;
			proxyType = 2;
			remoteGlobalIDString = EB9E6C6210B6A8F800DE563C;
			remoteInfo = Three20UnitTests;
		};
		898460001626064C0005ECF6 /* PBXContainerItemProxy */ = {
			isa = PBXContainerItemProxy;
			containerPortal = 320A2827FEC940B25BC42C60 /* Three20Core.xcodeproj */;
			proxyType = 2;
			remoteGlobalIDString = EB9E6C6210B6A8F800DE563C;
			remoteInfo = Three20CoreUnitTests;
		};
		898460061626064C0005ECF6 /* PBXContainerItemProxy */ = {
			isa = PBXContainerItemProxy;
			containerPortal = 3201088596B4756681693700 /* Three20UICommon.xcodeproj */;
			proxyType = 2;
			remoteGlobalIDString = EB9E6C6210B6A8F800DE563C;
			remoteInfo = Three20UICommonUnitTests;
		};
		898460091626064C0005ECF6 /* PBXContainerItemProxy */ = {
			isa = PBXContainerItemProxy;
			containerPortal = 320A737074758E53BA54BE90 /* Three20UINavigator.xcodeproj */;
			proxyType = 2;
			remoteGlobalIDString = EB9E6C6210B6A8F800DE563C;
			remoteInfo = Three20UINavigatorUnitTests;
		};
		8984607F162609C70005ECF6 /* PBXContainerItemProxy */ = {
			isa = PBXContainerItemProxy;
			containerPortal = 89846074162609C60005ECF6 /* extThree20JSON.xcodeproj */;
			proxyType = 2;
			remoteGlobalIDString = BEF31F3A0F352DF5000DE5D2;
			remoteInfo = "extThree20JSON+SBJSON";
		};
		89846081162609C70005ECF6 /* PBXContainerItemProxy */ = {
			isa = PBXContainerItemProxy;
			containerPortal = 89846074162609C60005ECF6 /* extThree20JSON.xcodeproj */;
			proxyType = 2;
			remoteGlobalIDString = 6E645BD91187751200F08CB1;
			remoteInfo = "extThree20JSON+YAJL";
		};
		89846083162609C70005ECF6 /* PBXContainerItemProxy */ = {
			isa = PBXContainerItemProxy;
			containerPortal = 89846074162609C60005ECF6 /* extThree20JSON.xcodeproj */;
			proxyType = 2;
			remoteGlobalIDString = EB9E6C6210B6A8F800DE563C;
			remoteInfo = "extThree20JSONUnitTests+SBJSON";
		};
		89846086162609E10005ECF6 /* PBXContainerItemProxy */ = {
			isa = PBXContainerItemProxy;
			containerPortal = 89846074162609C60005ECF6 /* extThree20JSON.xcodeproj */;
			proxyType = 1;
			remoteGlobalIDString = BEF31F390F352DF5000DE5D2;
			remoteInfo = "extThree20JSON+SBJSON";
		};
/* End PBXContainerItemProxy section */

/* Begin PBXFileReference section */
		3201088596B4756681693700 /* Three20UICommon.xcodeproj */ = {isa = PBXFileReference; lastKnownFileType = "wrapper.pb-project"; name = Three20UICommon.xcodeproj; path = three20/src/Three20UICommon/Three20UICommon.xcodeproj; sourceTree = SOURCE_ROOT; };
		320A2827FEC940B25BC42C60 /* Three20Core.xcodeproj */ = {isa = PBXFileReference; lastKnownFileType = "wrapper.pb-project"; name = Three20Core.xcodeproj; path = three20/src/Three20Core/Three20Core.xcodeproj; sourceTree = SOURCE_ROOT; };
		320A5A189C235877202780D0 /* Three20Network.xcodeproj */ = {isa = PBXFileReference; lastKnownFileType = "wrapper.pb-project"; name = Three20Network.xcodeproj; path = three20/src/Three20Network/Three20Network.xcodeproj; sourceTree = SOURCE_ROOT; };
		320A737074758E53BA54BE90 /* Three20UINavigator.xcodeproj */ = {isa = PBXFileReference; lastKnownFileType = "wrapper.pb-project"; name = Three20UINavigator.xcodeproj; path = three20/src/Three20UINavigator/Three20UINavigator.xcodeproj; sourceTree = SOURCE_ROOT; };
		320AF8492C47A4D819F7C450 /* QuartzCore.framework */ = {isa = PBXFileReference; lastKnownFileType = wrapper.frameworks; name = QuartzCore.framework; path = System/Library/Frameworks/QuartzCore.framework; sourceTree = SDKROOT; };
		320B6C86F11D9990244A9730 /* Three20.bundle */ = {isa = PBXFileReference; lastKnownFileType = "wrapper.plug-in"; name = Three20.bundle; path = three20/src/Three20.bundle; sourceTree = SOURCE_ROOT; };
		320CC833B8AF0ACFD35E6220 /* Three20Style.xcodeproj */ = {isa = PBXFileReference; lastKnownFileType = "wrapper.pb-project"; name = Three20Style.xcodeproj; path = three20/src/Three20Style/Three20Style.xcodeproj; sourceTree = SOURCE_ROOT; };
		320D7DCCE32703ACAB9A45E0 /* Three20.xcodeproj */ = {isa = PBXFileReference; lastKnownFileType = "wrapper.pb-project"; name = Three20.xcodeproj; path = three20/src/Three20/Three20.xcodeproj; sourceTree = SOURCE_ROOT; };
		320F2C48872C2E2C4DF86200 /* Three20UI.xcodeproj */ = {isa = PBXFileReference; lastKnownFileType = "wrapper.pb-project"; name = Three20UI.xcodeproj; path = three20/src/Three20UI/Three20UI.xcodeproj; sourceTree = SOURCE_ROOT; };
		82CDD05F5A06F579B85F4788 /* TagItemsController.m */ = {isa = PBXFileReference; fileEncoding = 4; lastKnownFileType = sourcecode.c.objc; path = TagItemsController.m; sourceTree = "<group>"; };
		82CDD06FC80612983FAA31E9 /* QiitaTagItems.m */ = {isa = PBXFileReference; fileEncoding = 4; lastKnownFileType = sourcecode.c.objc; path = QiitaTagItems.m; sourceTree = "<group>"; };
		82CDD07B73406A5B794CB453 /* ItemListViewController.h */ = {isa = PBXFileReference; fileEncoding = 4; lastKnownFileType = sourcecode.c.h; path = ItemListViewController.h; sourceTree = "<group>"; };
		82CDD0A7C3691FBBBD03ADC8 /* Tag.h */ = {isa = PBXFileReference; fileEncoding = 4; lastKnownFileType = sourcecode.c.h; path = Tag.h; sourceTree = "<group>"; };
		82CDD0C5F66E8214DD2935FA /* QiitaUser.m */ = {isa = PBXFileReference; fileEncoding = 4; lastKnownFileType = sourcecode.c.objc; path = QiitaUser.m; sourceTree = "<group>"; };
		82CDD148E0232A7D5D4D574F /* Tag.m */ = {isa = PBXFileReference; fileEncoding = 4; lastKnownFileType = sourcecode.c.objc; path = Tag.m; sourceTree = "<group>"; };
		82CDD15F3AB12AA2EF97818B /* TagCollectionViewController.h */ = {isa = PBXFileReference; fileEncoding = 4; lastKnownFileType = sourcecode.c.h; path = TagCollectionViewController.h; sourceTree = "<group>"; };
		82CDD178A32F0A907428C925 /* UILine.m */ = {isa = PBXFileReference; fileEncoding = 4; lastKnownFileType = sourcecode.c.objc; path = UILine.m; sourceTree = "<group>"; };
		82CDD1AE9D7F314C8DF9E31F /* TagCollectionViewController.m */ = {isa = PBXFileReference; fileEncoding = 4; lastKnownFileType = sourcecode.c.objc; path = TagCollectionViewController.m; sourceTree = "<group>"; };
		82CDD32B4FF906AD46C20344 /* CollectionViewController.h */ = {isa = PBXFileReference; fileEncoding = 4; lastKnownFileType = sourcecode.c.h; path = CollectionViewController.h; sourceTree = "<group>"; };
		82CDD396411737DDA6265F66 /* TagItemsController.h */ = {isa = PBXFileReference; fileEncoding = 4; lastKnownFileType = sourcecode.c.h; path = TagItemsController.h; sourceTree = "<group>"; };
		82CDD3FBEF8478A9FCCE46EE /* CustomTagCell.m */ = {isa = PBXFileReference; fileEncoding = 4; lastKnownFileType = sourcecode.c.objc; path = CustomTagCell.m; sourceTree = "<group>"; };
		82CDD5E183F0AD6A5633DF4A /* ItemListViewController.m */ = {isa = PBXFileReference; fileEncoding = 4; lastKnownFileType = sourcecode.c.objc; path = ItemListViewController.m; sourceTree = "<group>"; };
		82CDD60BF0027701D290B8A2 /* TagController.h */ = {isa = PBXFileReference; fileEncoding = 4; lastKnownFileType = sourcecode.c.h; path = TagController.h; sourceTree = "<group>"; };
		82CDD6C12B1923943110DECC /* QiitaTags.h */ = {isa = PBXFileReference; fileEncoding = 4; lastKnownFileType = sourcecode.c.h; path = QiitaTags.h; sourceTree = "<group>"; };
		82CDD8782334DE61A8EA8D8D /* TagController.m */ = {isa = PBXFileReference; fileEncoding = 4; lastKnownFileType = sourcecode.c.objc; path = TagController.m; sourceTree = "<group>"; };
		82CDD903C412EC4D58D320F6 /* CustomTagCell.h */ = {isa = PBXFileReference; fileEncoding = 4; lastKnownFileType = sourcecode.c.h; path = CustomTagCell.h; sourceTree = "<group>"; };
		82CDDA683804E07EF1556A5D /* CollectionViewController.m */ = {isa = PBXFileReference; fileEncoding = 4; lastKnownFileType = sourcecode.c.objc; path = CollectionViewController.m; sourceTree = "<group>"; };
		82CDDA74FEB21A156FC6A313 /* QiitaTagItems.h */ = {isa = PBXFileReference; fileEncoding = 4; lastKnownFileType = sourcecode.c.h; path = QiitaTagItems.h; sourceTree = "<group>"; };
		82CDDAB844CD7395132E805A /* Item.h */ = {isa = PBXFileReference; fileEncoding = 4; lastKnownFileType = sourcecode.c.h; path = Item.h; sourceTree = "<group>"; };
		82CDDCCB041441235A1903BA /* Item.m */ = {isa = PBXFileReference; fileEncoding = 4; lastKnownFileType = sourcecode.c.objc; path = Item.m; sourceTree = "<group>"; };
		82CDDD69C69A61F0D52C3EEF /* UILine.h */ = {isa = PBXFileReference; fileEncoding = 4; lastKnownFileType = sourcecode.c.h; path = UILine.h; sourceTree = "<group>"; };
		82CDDD989E9044BF010F9F7D /* QiitaUser.h */ = {isa = PBXFileReference; fileEncoding = 4; lastKnownFileType = sourcecode.c.h; path = QiitaUser.h; sourceTree = "<group>"; };
		82CDDFF3381EA0F2802B2420 /* QiitaTags.m */ = {isa = PBXFileReference; fileEncoding = 4; lastKnownFileType = sourcecode.c.objc; path = QiitaTags.m; sourceTree = "<group>"; };
		896D045116262C21000DB7FA /* BlocksKit.xcodeproj */ = {isa = PBXFileReference; lastKnownFileType = "wrapper.pb-project"; name = BlocksKit.xcodeproj; path = BlocksKit/BlocksKit.xcodeproj; sourceTree = "<group>"; };
		896D046A16262E65000DB7FA /* MessageUI.framework */ = {isa = PBXFileReference; lastKnownFileType = wrapper.framework; name = MessageUI.framework; path = System/Library/Frameworks/MessageUI.framework; sourceTree = SDKROOT; };
		896D070316263BF3000DB7FA /* View.xib */ = {isa = PBXFileReference; fileEncoding = 4; lastKnownFileType = file.xib; path = View.xib; sourceTree = "<group>"; };
		896D0D4E16283B6F000DB7FA /* Default-568h@2x.png */ = {isa = PBXFileReference; lastKnownFileType = image.png; path = "Default-568h@2x.png"; sourceTree = "<group>"; };
		896D0D5016283CAF000DB7FA /* Default@2x.png */ = {isa = PBXFileReference; lastKnownFileType = image.png; path = "Default@2x.png"; sourceTree = "<group>"; };
		896D0D5216283CB7000DB7FA /* Default.png */ = {isa = PBXFileReference; lastKnownFileType = image.png; path = Default.png; sourceTree = "<group>"; };
		896D0D5416283CF7000DB7FA /* koropo_icon_57x57.png */ = {isa = PBXFileReference; lastKnownFileType = image.png; path = koropo_icon_57x57.png; sourceTree = "<group>"; };
		896D0D5616283CFB000DB7FA /* koropo_icon_114x114.png */ = {isa = PBXFileReference; lastKnownFileType = image.png; path = koropo_icon_114x114.png; sourceTree = "<group>"; };
		89845F68162601110005ECF6 /* korpokkur.app */ = {isa = PBXFileReference; explicitFileType = wrapper.application; includeInIndex = 0; path = korpokkur.app; sourceTree = BUILT_PRODUCTS_DIR; };
		89845F6C162601110005ECF6 /* UIKit.framework */ = {isa = PBXFileReference; lastKnownFileType = wrapper.framework; name = UIKit.framework; path = System/Library/Frameworks/UIKit.framework; sourceTree = SDKROOT; };
		89845F6E162601110005ECF6 /* Foundation.framework */ = {isa = PBXFileReference; lastKnownFileType = wrapper.framework; name = Foundation.framework; path = System/Library/Frameworks/Foundation.framework; sourceTree = SDKROOT; };
		89845F70162601110005ECF6 /* CoreGraphics.framework */ = {isa = PBXFileReference; lastKnownFileType = wrapper.framework; name = CoreGraphics.framework; path = System/Library/Frameworks/CoreGraphics.framework; sourceTree = SDKROOT; };
		89845F72162601110005ECF6 /* CoreData.framework */ = {isa = PBXFileReference; lastKnownFileType = wrapper.framework; name = CoreData.framework; path = System/Library/Frameworks/CoreData.framework; sourceTree = SDKROOT; };
		89845F76162601110005ECF6 /* korpokkur-Info.plist */ = {isa = PBXFileReference; lastKnownFileType = text.plist.xml; path = "korpokkur-Info.plist"; sourceTree = "<group>"; };
		89845F78162601110005ECF6 /* en */ = {isa = PBXFileReference; lastKnownFileType = text.plist.strings; name = en; path = en.lproj/InfoPlist.strings; sourceTree = "<group>"; };
		89845F7A162601110005ECF6 /* main.m */ = {isa = PBXFileReference; lastKnownFileType = sourcecode.c.objc; path = main.m; sourceTree = "<group>"; };
		89845F7C162601110005ECF6 /* korpokkur-Prefix.pch */ = {isa = PBXFileReference; lastKnownFileType = sourcecode.c.h; path = "korpokkur-Prefix.pch"; sourceTree = "<group>"; };
		89845F7D162601110005ECF6 /* AppDelegate.h */ = {isa = PBXFileReference; lastKnownFileType = sourcecode.c.h; path = AppDelegate.h; sourceTree = "<group>"; };
		89845F7E162601110005ECF6 /* AppDelegate.m */ = {isa = PBXFileReference; lastKnownFileType = sourcecode.c.objc; path = AppDelegate.m; sourceTree = "<group>"; };
		89845F87162601110005ECF6 /* korpokkur.xcdatamodel */ = {isa = PBXFileReference; lastKnownFileType = wrapper.xcdatamodel; path = korpokkur.xcdatamodel; sourceTree = "<group>"; };
		89846074162609C60005ECF6 /* extThree20JSON.xcodeproj */ = {isa = PBXFileReference; lastKnownFileType = "wrapper.pb-project"; name = extThree20JSON.xcodeproj; path = three20/src/extThree20JSON/extThree20JSON.xcodeproj; sourceTree = "<group>"; };
/* End PBXFileReference section */

/* Begin PBXFrameworksBuildPhase section */
		89845F65162601110005ECF6 /* Frameworks */ = {
			isa = PBXFrameworksBuildPhase;
			buildActionMask = 2147483647;
			files = (
				896D04C1162632BE000DB7FA /* libBlocksKit.a in Frameworks */,
				896D046B16262E65000DB7FA /* MessageUI.framework in Frameworks */,
				89846085162609D10005ECF6 /* libextThree20JSON+SBJSON.a in Frameworks */,
				3201088596B4756681693705 /* libThree20UICommon.a in Frameworks */,
				320D7DCCE32703ACAB9A45E5 /* libThree20.a in Frameworks */,
				320A737074758E53BA54BE95 /* libThree20UINavigator.a in Frameworks */,
				320A2827FEC940B25BC42C65 /* libThree20Core.a in Frameworks */,
				320F2C48872C2E2C4DF86205 /* libThree20UI.a in Frameworks */,
				320AF8492C47A4D819F7C451 /* QuartzCore.framework in Frameworks */,
				320A5A189C235877202780D5 /* libThree20Network.a in Frameworks */,
				320CC833B8AF0ACFD35E6225 /* libThree20Style.a in Frameworks */,
				89845F6D162601110005ECF6 /* UIKit.framework in Frameworks */,
				89845F6F162601110005ECF6 /* Foundation.framework in Frameworks */,
				89845F71162601110005ECF6 /* CoreGraphics.framework in Frameworks */,
				89845F73162601110005ECF6 /* CoreData.framework in Frameworks */,
			);
			runOnlyForDeploymentPostprocessing = 0;
		};
/* End PBXFrameworksBuildPhase section */

/* Begin PBXGroup section */
		3201088596B4756681693703 /* Products */ = {
			isa = PBXGroup;
			children = (
				3201088596B4756681693704 /* libThree20UICommon.a */,
				898460071626064C0005ECF6 /* UICommonUnitTests.octest */,
			);
			name = Products;
			sourceTree = "<group>";
		};
		320A2827FEC940B25BC42C63 /* Products */ = {
			isa = PBXGroup;
			children = (
				320A2827FEC940B25BC42C64 /* libThree20Core.a */,
				898460011626064C0005ECF6 /* CoreUnitTests.octest */,
			);
			name = Products;
			sourceTree = "<group>";
		};
		320A5A189C235877202780D3 /* Products */ = {
			isa = PBXGroup;
			children = (
				320A5A189C235877202780D4 /* libThree20Network.a */,
				89845FBB162606080005ECF6 /* NetworkUnitTests.octest */,
			);
			name = Products;
			sourceTree = "<group>";
		};
		320A737074758E53BA54BE93 /* Products */ = {
			isa = PBXGroup;
			children = (
				320A737074758E53BA54BE94 /* libThree20UINavigator.a */,
				8984600A1626064C0005ECF6 /* UINavigatorUnitTests.octest */,
			);
			name = Products;
			sourceTree = "<group>";
		};
		320CC833B8AF0ACFD35E6223 /* Products */ = {
			isa = PBXGroup;
			children = (
				320CC833B8AF0ACFD35E6224 /* libThree20Style.a */,
				89845FBE162606080005ECF6 /* StyleUnitTests.octest */,
			);
			name = Products;
			sourceTree = "<group>";
		};
		320D7DCCE32703ACAB9A45E3 /* Products */ = {
			isa = PBXGroup;
			children = (
				320D7DCCE32703ACAB9A45E4 /* libThree20.a */,
				89845FFE1626064C0005ECF6 /* Three20UnitTests.octest */,
			);
			name = Products;
			sourceTree = "<group>";
		};
		82CDD241B26D497826AA9F17 /* Controller */ = {
			isa = PBXGroup;
			children = (
				82CDD8782334DE61A8EA8D8D /* TagController.m */,
				82CDD60BF0027701D290B8A2 /* TagController.h */,
				82CDD05F5A06F579B85F4788 /* TagItemsController.m */,
				82CDD396411737DDA6265F66 /* TagItemsController.h */,
			);
			path = Controller;
			sourceTree = "<group>";
		};
		82CDD7B1309F261BA3D5DC9A /* View */ = {
			isa = PBXGroup;
			children = (
				896D070316263BF3000DB7FA /* View.xib */,
				82CDD32B4FF906AD46C20344 /* CollectionViewController.h */,
				82CDDA683804E07EF1556A5D /* CollectionViewController.m */,
				82CDDF9B8A037F3673C1A484 /* Tag */,
				82CDD178A32F0A907428C925 /* UILine.m */,
				82CDDD69C69A61F0D52C3EEF /* UILine.h */,
				82CDDC4EAE2F32C2F42F9E43 /* Description */,
			);
			path = View;
			sourceTree = "<group>";
		};
		82CDD94AF8057EAEC515954F /* Model */ = {
			isa = PBXGroup;
			children = (
				82CDD0C5F66E8214DD2935FA /* QiitaUser.m */,
				82CDDD989E9044BF010F9F7D /* QiitaUser.h */,
				82CDD148E0232A7D5D4D574F /* Tag.m */,
				82CDD0A7C3691FBBBD03ADC8 /* Tag.h */,
				82CDDFF3381EA0F2802B2420 /* QiitaTags.m */,
				82CDD6C12B1923943110DECC /* QiitaTags.h */,
				82CDDAB844CD7395132E805A /* Item.h */,
				82CDDCCB041441235A1903BA /* Item.m */,
				82CDD06FC80612983FAA31E9 /* QiitaTagItems.m */,
				82CDDA74FEB21A156FC6A313 /* QiitaTagItems.h */,
			);
			path = Model;
			sourceTree = "<group>";
		};
		82CDDC4EAE2F32C2F42F9E43 /* Description */ = {
			isa = PBXGroup;
			children = (
				82CDD07B73406A5B794CB453 /* ItemListViewController.h */,
				82CDD5E183F0AD6A5633DF4A /* ItemListViewController.m */,
			);
			path = Description;
			sourceTree = "<group>";
		};
		82CDDF9B8A037F3673C1A484 /* Tag */ = {
			isa = PBXGroup;
			children = (
				82CDD15F3AB12AA2EF97818B /* TagCollectionViewController.h */,
				82CDD1AE9D7F314C8DF9E31F /* TagCollectionViewController.m */,
				82CDD903C412EC4D58D320F6 /* CustomTagCell.h */,
				82CDD3FBEF8478A9FCCE46EE /* CustomTagCell.m */,
			);
			path = Tag;
			sourceTree = "<group>";
		};
		896D045216262C21000DB7FA /* Products */ = {
			isa = PBXGroup;
			children = (
				896D045F16262C22000DB7FA /* libBlocksKit.a */,
				896D046116262C22000DB7FA /* BlocksKit.framework */,
				896D046316262C22000DB7FA /* BlocksKit.dylib */,
				896D046516262C22000DB7FA /* BlocksKit_Chameleon.dylib */,
				896D046716262C22000DB7FA /* iOS Tests.app */,
			);
			name = Products;
			sourceTree = "<group>";
		};
		89845F5D162601110005ECF6 = {
			isa = PBXGroup;
			children = (
				896D0D5616283CFB000DB7FA /* koropo_icon_114x114.png */,
				896D0D5416283CF7000DB7FA /* koropo_icon_57x57.png */,
				896D0D5216283CB7000DB7FA /* Default.png */,
				896D0D5016283CAF000DB7FA /* Default@2x.png */,
				896D0D4E16283B6F000DB7FA /* Default-568h@2x.png */,
				89845F74162601110005ECF6 /* korpokkur */,
				89845F6B162601110005ECF6 /* Frameworks */,
				89845F69162601110005ECF6 /* Products */,
			);
			sourceTree = "<group>";
		};
		89845F69162601110005ECF6 /* Products */ = {
			isa = PBXGroup;
			children = (
				89845F68162601110005ECF6 /* korpokkur.app */,
			);
			name = Products;
			sourceTree = "<group>";
		};
		89845F6B162601110005ECF6 /* Frameworks */ = {
			isa = PBXGroup;
			children = (
				896D046A16262E65000DB7FA /* MessageUI.framework */,
				896D045116262C21000DB7FA /* BlocksKit.xcodeproj */,
				89846074162609C60005ECF6 /* extThree20JSON.xcodeproj */,
				3201088596B4756681693700 /* Three20UICommon.xcodeproj */,
				320D7DCCE32703ACAB9A45E0 /* Three20.xcodeproj */,
				320A737074758E53BA54BE90 /* Three20UINavigator.xcodeproj */,
				320A2827FEC940B25BC42C60 /* Three20Core.xcodeproj */,
				320F2C48872C2E2C4DF86200 /* Three20UI.xcodeproj */,
				320AF8492C47A4D819F7C450 /* QuartzCore.framework */,
				320A5A189C235877202780D0 /* Three20Network.xcodeproj */,
				320CC833B8AF0ACFD35E6220 /* Three20Style.xcodeproj */,
				89845F6C162601110005ECF6 /* UIKit.framework */,
				89845F6E162601110005ECF6 /* Foundation.framework */,
				89845F70162601110005ECF6 /* CoreGraphics.framework */,
				89845F72162601110005ECF6 /* CoreData.framework */,
			);
			name = Frameworks;
			sourceTree = "<group>";
		};
		89845F74162601110005ECF6 /* korpokkur */ = {
			isa = PBXGroup;
			children = (
				89845F7D162601110005ECF6 /* AppDelegate.h */,
				89845F86162601110005ECF6 /* korpokkur.xcdatamodeld */,
				89845F75162601110005ECF6 /* Supporting Files */,
				82CDD7B1309F261BA3D5DC9A /* View */,
				82CDD94AF8057EAEC515954F /* Model */,
				82CDD241B26D497826AA9F17 /* Controller */,
				89845F7E162601110005ECF6 /* AppDelegate.m */,
			);
			path = korpokkur;
			sourceTree = "<group>";
		};
		89845F75162601110005ECF6 /* Supporting Files */ = {
			isa = PBXGroup;
			children = (
				320B6C86F11D9990244A9730 /* Three20.bundle */,
				89845F76162601110005ECF6 /* korpokkur-Info.plist */,
				89845F77162601110005ECF6 /* InfoPlist.strings */,
				89845F7A162601110005ECF6 /* main.m */,
				89845F7C162601110005ECF6 /* korpokkur-Prefix.pch */,
			);
			name = "Supporting Files";
			sourceTree = "<group>";
		};
		89845FC3162606090005ECF6 /* Products */ = {
			isa = PBXGroup;
			children = (
				89845FC8162606090005ECF6 /* libThree20UI.a */,
				89845FCA162606090005ECF6 /* UIUnitTests.octest */,
			);
			name = Products;
			sourceTree = "<group>";
		};
		89846075162609C60005ECF6 /* Products */ = {
			isa = PBXGroup;
			children = (
				89846080162609C70005ECF6 /* libextThree20JSON+SBJSON.a */,
				89846082162609C70005ECF6 /* libextThree20JSON+YAJL.a */,
				89846084162609C70005ECF6 /* extJSONUnitTests+SBJSON.octest */,
			);
			name = Products;
			sourceTree = "<group>";
		};
/* End PBXGroup section */

/* Begin PBXNativeTarget section */
		89845F67162601110005ECF6 /* korpokkur */ = {
			isa = PBXNativeTarget;
			buildConfigurationList = 89845F8B162601110005ECF6 /* Build configuration list for PBXNativeTarget "korpokkur" */;
			buildPhases = (
				89845F64162601110005ECF6 /* Sources */,
				89845F65162601110005ECF6 /* Frameworks */,
				89845F66162601110005ECF6 /* Resources */,
			);
			buildRules = (
			);
			dependencies = (
				896D04C3162632F4000DB7FA /* PBXTargetDependency */,
				89846087162609E10005ECF6 /* PBXTargetDependency */,
				3201088596B4756681693701 /* PBXTargetDependency */,
				320D7DCCE32703ACAB9A45E1 /* PBXTargetDependency */,
				320A737074758E53BA54BE91 /* PBXTargetDependency */,
				320A2827FEC940B25BC42C61 /* PBXTargetDependency */,
				320F2C48872C2E2C4DF86201 /* PBXTargetDependency */,
				320A5A189C235877202780D1 /* PBXTargetDependency */,
				320CC833B8AF0ACFD35E6221 /* PBXTargetDependency */,
			);
			name = korpokkur;
			productName = korpokkur;
			productReference = 89845F68162601110005ECF6 /* korpokkur.app */;
			productType = "com.apple.product-type.application";
		};
/* End PBXNativeTarget section */

/* Begin PBXProject section */
		89845F5F162601110005ECF6 /* Project object */ = {
			isa = PBXProject;
			attributes = {
				LastUpgradeCheck = 0450;
				ORGANIZATIONNAME = happy_ryo;
			};
			buildConfigurationList = 89845F62162601110005ECF6 /* Build configuration list for PBXProject "korpokkur" */;
			compatibilityVersion = "Xcode 3.2";
			developmentRegion = English;
			hasScannedForEncodings = 0;
			knownRegions = (
				en,
			);
			mainGroup = 89845F5D162601110005ECF6;
			productRefGroup = 89845F69162601110005ECF6 /* Products */;
			projectDirPath = "";
			projectReferences = (
				{
					ProductGroup = 896D045216262C21000DB7FA /* Products */;
					ProjectRef = 896D045116262C21000DB7FA /* BlocksKit.xcodeproj */;
				},
				{
					ProductGroup = 89846075162609C60005ECF6 /* Products */;
					ProjectRef = 89846074162609C60005ECF6 /* extThree20JSON.xcodeproj */;
				},
				{
					ProductGroup = 320D7DCCE32703ACAB9A45E3 /* Products */;
					ProjectRef = 320D7DCCE32703ACAB9A45E0 /* Three20.xcodeproj */;
				},
				{
					ProductGroup = 320A2827FEC940B25BC42C63 /* Products */;
					ProjectRef = 320A2827FEC940B25BC42C60 /* Three20Core.xcodeproj */;
				},
				{
					ProductGroup = 320A5A189C235877202780D3 /* Products */;
					ProjectRef = 320A5A189C235877202780D0 /* Three20Network.xcodeproj */;
				},
				{
					ProductGroup = 320CC833B8AF0ACFD35E6223 /* Products */;
					ProjectRef = 320CC833B8AF0ACFD35E6220 /* Three20Style.xcodeproj */;
				},
				{
					ProductGroup = 89845FC3162606090005ECF6 /* Products */;
					ProjectRef = 320F2C48872C2E2C4DF86200 /* Three20UI.xcodeproj */;
				},
				{
					ProductGroup = 3201088596B4756681693703 /* Products */;
					ProjectRef = 3201088596B4756681693700 /* Three20UICommon.xcodeproj */;
				},
				{
					ProductGroup = 320A737074758E53BA54BE93 /* Products */;
					ProjectRef = 320A737074758E53BA54BE90 /* Three20UINavigator.xcodeproj */;
				},
			);
			projectRoot = "";
			targets = (
				89845F67162601110005ECF6 /* korpokkur */,
			);
		};
/* End PBXProject section */

/* Begin PBXReferenceProxy section */
		3201088596B4756681693704 /* libThree20UICommon.a */ = {
			isa = PBXReferenceProxy;
			fileType = archive.ar;
			path = libThree20UICommon.a;
			remoteRef = 3201088596B4756681693706 /* PBXContainerItemProxy */;
			sourceTree = BUILT_PRODUCTS_DIR;
		};
		320A2827FEC940B25BC42C64 /* libThree20Core.a */ = {
			isa = PBXReferenceProxy;
			fileType = archive.ar;
			path = libThree20Core.a;
			remoteRef = 320A2827FEC940B25BC42C66 /* PBXContainerItemProxy */;
			sourceTree = BUILT_PRODUCTS_DIR;
		};
		320A5A189C235877202780D4 /* libThree20Network.a */ = {
			isa = PBXReferenceProxy;
			fileType = archive.ar;
			path = libThree20Network.a;
			remoteRef = 320A5A189C235877202780D6 /* PBXContainerItemProxy */;
			sourceTree = BUILT_PRODUCTS_DIR;
		};
		320A737074758E53BA54BE94 /* libThree20UINavigator.a */ = {
			isa = PBXReferenceProxy;
			fileType = archive.ar;
			path = libThree20UINavigator.a;
			remoteRef = 320A737074758E53BA54BE96 /* PBXContainerItemProxy */;
			sourceTree = BUILT_PRODUCTS_DIR;
		};
		320CC833B8AF0ACFD35E6224 /* libThree20Style.a */ = {
			isa = PBXReferenceProxy;
			fileType = archive.ar;
			path = libThree20Style.a;
			remoteRef = 320CC833B8AF0ACFD35E6226 /* PBXContainerItemProxy */;
			sourceTree = BUILT_PRODUCTS_DIR;
		};
		320D7DCCE32703ACAB9A45E4 /* libThree20.a */ = {
			isa = PBXReferenceProxy;
			fileType = archive.ar;
			path = libThree20.a;
			remoteRef = 320D7DCCE32703ACAB9A45E6 /* PBXContainerItemProxy */;
			sourceTree = BUILT_PRODUCTS_DIR;
		};
		896D045F16262C22000DB7FA /* libBlocksKit.a */ = {
			isa = PBXReferenceProxy;
			fileType = archive.ar;
			path = libBlocksKit.a;
			remoteRef = 896D045E16262C22000DB7FA /* PBXContainerItemProxy */;
			sourceTree = BUILT_PRODUCTS_DIR;
		};
		896D046116262C22000DB7FA /* BlocksKit.framework */ = {
			isa = PBXReferenceProxy;
			fileType = wrapper.framework;
			path = BlocksKit.framework;
			remoteRef = 896D046016262C22000DB7FA /* PBXContainerItemProxy */;
			sourceTree = BUILT_PRODUCTS_DIR;
		};
		896D046316262C22000DB7FA /* BlocksKit.dylib */ = {
			isa = PBXReferenceProxy;
			fileType = "compiled.mach-o.dylib";
			path = BlocksKit.dylib;
			remoteRef = 896D046216262C22000DB7FA /* PBXContainerItemProxy */;
			sourceTree = BUILT_PRODUCTS_DIR;
		};
		896D046516262C22000DB7FA /* BlocksKit_Chameleon.dylib */ = {
			isa = PBXReferenceProxy;
			fileType = "compiled.mach-o.dylib";
			path = BlocksKit_Chameleon.dylib;
			remoteRef = 896D046416262C22000DB7FA /* PBXContainerItemProxy */;
			sourceTree = BUILT_PRODUCTS_DIR;
		};
		896D046716262C22000DB7FA /* iOS Tests.app */ = {
			isa = PBXReferenceProxy;
			fileType = wrapper.application;
			path = "iOS Tests.app";
			remoteRef = 896D046616262C22000DB7FA /* PBXContainerItemProxy */;
			sourceTree = BUILT_PRODUCTS_DIR;
		};
		89845FBB162606080005ECF6 /* NetworkUnitTests.octest */ = {
			isa = PBXReferenceProxy;
			fileType = wrapper.cfbundle;
			path = NetworkUnitTests.octest;
			remoteRef = 89845FBA162606080005ECF6 /* PBXContainerItemProxy */;
			sourceTree = BUILT_PRODUCTS_DIR;
		};
		89845FBE162606080005ECF6 /* StyleUnitTests.octest */ = {
			isa = PBXReferenceProxy;
			fileType = wrapper.cfbundle;
			path = StyleUnitTests.octest;
			remoteRef = 89845FBD162606080005ECF6 /* PBXContainerItemProxy */;
			sourceTree = BUILT_PRODUCTS_DIR;
		};
		89845FC8162606090005ECF6 /* libThree20UI.a */ = {
			isa = PBXReferenceProxy;
			fileType = archive.ar;
			path = libThree20UI.a;
			remoteRef = 89845FC7162606090005ECF6 /* PBXContainerItemProxy */;
			sourceTree = BUILT_PRODUCTS_DIR;
		};
		89845FCA162606090005ECF6 /* UIUnitTests.octest */ = {
			isa = PBXReferenceProxy;
			fileType = wrapper.cfbundle;
			path = UIUnitTests.octest;
			remoteRef = 89845FC9162606090005ECF6 /* PBXContainerItemProxy */;
			sourceTree = BUILT_PRODUCTS_DIR;
		};
		89845FFE1626064C0005ECF6 /* Three20UnitTests.octest */ = {
			isa = PBXReferenceProxy;
			fileType = wrapper.cfbundle;
			path = Three20UnitTests.octest;
			remoteRef = 89845FFD1626064C0005ECF6 /* PBXContainerItemProxy */;
			sourceTree = BUILT_PRODUCTS_DIR;
		};
		898460011626064C0005ECF6 /* CoreUnitTests.octest */ = {
			isa = PBXReferenceProxy;
			fileType = wrapper.cfbundle;
			path = CoreUnitTests.octest;
			remoteRef = 898460001626064C0005ECF6 /* PBXContainerItemProxy */;
			sourceTree = BUILT_PRODUCTS_DIR;
		};
		898460071626064C0005ECF6 /* UICommonUnitTests.octest */ = {
			isa = PBXReferenceProxy;
			fileType = wrapper.cfbundle;
			path = UICommonUnitTests.octest;
			remoteRef = 898460061626064C0005ECF6 /* PBXContainerItemProxy */;
			sourceTree = BUILT_PRODUCTS_DIR;
		};
		8984600A1626064C0005ECF6 /* UINavigatorUnitTests.octest */ = {
			isa = PBXReferenceProxy;
			fileType = wrapper.cfbundle;
			path = UINavigatorUnitTests.octest;
			remoteRef = 898460091626064C0005ECF6 /* PBXContainerItemProxy */;
			sourceTree = BUILT_PRODUCTS_DIR;
		};
		89846080162609C70005ECF6 /* libextThree20JSON+SBJSON.a */ = {
			isa = PBXReferenceProxy;
			fileType = archive.ar;
			path = "libextThree20JSON+SBJSON.a";
			remoteRef = 8984607F162609C70005ECF6 /* PBXContainerItemProxy */;
			sourceTree = BUILT_PRODUCTS_DIR;
		};
		89846082162609C70005ECF6 /* libextThree20JSON+YAJL.a */ = {
			isa = PBXReferenceProxy;
			fileType = archive.ar;
			path = "libextThree20JSON+YAJL.a";
			remoteRef = 89846081162609C70005ECF6 /* PBXContainerItemProxy */;
			sourceTree = BUILT_PRODUCTS_DIR;
		};
		89846084162609C70005ECF6 /* extJSONUnitTests+SBJSON.octest */ = {
			isa = PBXReferenceProxy;
			fileType = wrapper.cfbundle;
			path = "extJSONUnitTests+SBJSON.octest";
			remoteRef = 89846083162609C70005ECF6 /* PBXContainerItemProxy */;
			sourceTree = BUILT_PRODUCTS_DIR;
		};
/* End PBXReferenceProxy section */

/* Begin PBXResourcesBuildPhase section */
		89845F66162601110005ECF6 /* Resources */ = {
			isa = PBXResourcesBuildPhase;
			buildActionMask = 2147483647;
			files = (
				320B6C86F11D9990244A9731 /* Three20.bundle in Resources */,
				89845F79162601110005ECF6 /* InfoPlist.strings in Resources */,
				896D070416263BF3000DB7FA /* View.xib in Resources */,
				896D0D4F16283B6F000DB7FA /* Default-568h@2x.png in Resources */,
				896D0D5116283CAF000DB7FA /* Default@2x.png in Resources */,
				896D0D5316283CB7000DB7FA /* Default.png in Resources */,
				896D0D5516283CF7000DB7FA /* koropo_icon_57x57.png in Resources */,
				896D0D5716283CFB000DB7FA /* koropo_icon_114x114.png in Resources */,
			);
			runOnlyForDeploymentPostprocessing = 0;
		};
/* End PBXResourcesBuildPhase section */

/* Begin PBXSourcesBuildPhase section */
		89845F64162601110005ECF6 /* Sources */ = {
			isa = PBXSourcesBuildPhase;
			buildActionMask = 2147483647;
			files = (
				89845F7B162601110005ECF6 /* main.m in Sources */,
				89845F7F162601110005ECF6 /* AppDelegate.m in Sources */,
				89845F88162601110005ECF6 /* korpokkur.xcdatamodeld in Sources */,
				82CDDEF2E612F5194E875E1E /* TagCollectionViewController.m in Sources */,
				82CDD7D0C2F26016BEE429E3 /* QiitaUser.m in Sources */,
				82CDDC9AA02CA312ED27785C /* Tag.m in Sources */,
				82CDD2F3487F6CE16E30BBED /* QiitaTags.m in Sources */,
				82CDD681AA9049F3FB2D8375 /* TagController.m in Sources */,
				82CDDF37BDE80C391FD331D8 /* CollectionViewController.m in Sources */,
				82CDD276EA0BB589F79F9F52 /* CustomTagCell.m in Sources */,
				82CDD05141C718BDC210A40B /* UILine.m in Sources */,
				82CDD5A3E488F1CDC82F64A2 /* Item.m in Sources */,
				82CDDED3F34EE981AD09F008 /* QiitaTagItems.m in Sources */,
				82CDD00DCB0FF4EF79B7B448 /* TagItemsController.m in Sources */,
				82CDD4B1B8DEC99D5718A7F0 /* ItemListViewController.m in Sources */,
			);
			runOnlyForDeploymentPostprocessing = 0;
		};
/* End PBXSourcesBuildPhase section */

/* Begin PBXTargetDependency section */
		3201088596B4756681693701 /* PBXTargetDependency */ = {
			isa = PBXTargetDependency;
			name = Three20UICommon;
			targetProxy = 3201088596B4756681693702 /* PBXContainerItemProxy */;
		};
		320A2827FEC940B25BC42C61 /* PBXTargetDependency */ = {
			isa = PBXTargetDependency;
			name = Three20Core;
			targetProxy = 320A2827FEC940B25BC42C62 /* PBXContainerItemProxy */;
		};
		320A5A189C235877202780D1 /* PBXTargetDependency */ = {
			isa = PBXTargetDependency;
			name = Three20Network;
			targetProxy = 320A5A189C235877202780D2 /* PBXContainerItemProxy */;
		};
		320A737074758E53BA54BE91 /* PBXTargetDependency */ = {
			isa = PBXTargetDependency;
			name = Three20UINavigator;
			targetProxy = 320A737074758E53BA54BE92 /* PBXContainerItemProxy */;
		};
		320CC833B8AF0ACFD35E6221 /* PBXTargetDependency */ = {
			isa = PBXTargetDependency;
			name = Three20Style;
			targetProxy = 320CC833B8AF0ACFD35E6222 /* PBXContainerItemProxy */;
		};
		320D7DCCE32703ACAB9A45E1 /* PBXTargetDependency */ = {
			isa = PBXTargetDependency;
			name = Three20;
			targetProxy = 320D7DCCE32703ACAB9A45E2 /* PBXContainerItemProxy */;
		};
		320F2C48872C2E2C4DF86201 /* PBXTargetDependency */ = {
			isa = PBXTargetDependency;
			name = Three20UI;
			targetProxy = 320F2C48872C2E2C4DF86202 /* PBXContainerItemProxy */;
		};
		896D04C3162632F4000DB7FA /* PBXTargetDependency */ = {
			isa = PBXTargetDependency;
			name = "iOS Library";
			targetProxy = 896D04C2162632F4000DB7FA /* PBXContainerItemProxy */;
		};
		89846087162609E10005ECF6 /* PBXTargetDependency */ = {
			isa = PBXTargetDependency;
			name = "extThree20JSON+SBJSON";
			targetProxy = 89846086162609E10005ECF6 /* PBXContainerItemProxy */;
		};
/* End PBXTargetDependency section */

/* Begin PBXVariantGroup section */
		89845F77162601110005ECF6 /* InfoPlist.strings */ = {
			isa = PBXVariantGroup;
			children = (
				89845F78162601110005ECF6 /* en */,
			);
			name = InfoPlist.strings;
			sourceTree = "<group>";
		};
/* End PBXVariantGroup section */

/* Begin XCBuildConfiguration section */
		89845F89162601110005ECF6 /* Debug */ = {
			isa = XCBuildConfiguration;
			buildSettings = {
				ALWAYS_SEARCH_USER_PATHS = NO;
				CLANG_CXX_LANGUAGE_STANDARD = "gnu++0x";
				CLANG_CXX_LIBRARY = "libc++";
				CLANG_ENABLE_OBJC_ARC = YES;
				CLANG_WARN_EMPTY_BODY = YES;
				CLANG_WARN__DUPLICATE_METHOD_MATCH = YES;
				"CODE_SIGN_IDENTITY[sdk=iphoneos*]" = "iPhone Developer";
				COPY_PHASE_STRIP = NO;
				GCC_C_LANGUAGE_STANDARD = gnu99;
				GCC_DYNAMIC_NO_PIC = NO;
				GCC_OPTIMIZATION_LEVEL = 0;
				GCC_PREPROCESSOR_DEFINITIONS = (
					"DEBUG=1",
					"$(inherited)",
				);
				GCC_SYMBOLS_PRIVATE_EXTERN = NO;
				GCC_WARN_ABOUT_RETURN_TYPE = YES;
				GCC_WARN_UNINITIALIZED_AUTOS = YES;
				GCC_WARN_UNUSED_VARIABLE = YES;
				HEADER_SEARCH_PATHS = (
					"$(BUILT_PRODUCTS_DIR)/../three20",
					"$(BUILT_PRODUCTS_DIR)/../../three20",
					three20/Build/Products/three20,
				);
				IPHONEOS_DEPLOYMENT_TARGET = 6.0;
				OTHER_LDFLAGS = "-ObjC";
				SDKROOT = iphoneos;
			};
			name = Debug;
		};
		89845F8A162601110005ECF6 /* Release */ = {
			isa = XCBuildConfiguration;
			buildSettings = {
				ALWAYS_SEARCH_USER_PATHS = NO;
				CLANG_CXX_LANGUAGE_STANDARD = "gnu++0x";
				CLANG_CXX_LIBRARY = "libc++";
				CLANG_ENABLE_OBJC_ARC = YES;
				CLANG_WARN_EMPTY_BODY = YES;
				CLANG_WARN__DUPLICATE_METHOD_MATCH = YES;
				"CODE_SIGN_IDENTITY[sdk=iphoneos*]" = "iPhone Developer";
				COPY_PHASE_STRIP = YES;
				GCC_C_LANGUAGE_STANDARD = gnu99;
				GCC_WARN_ABOUT_RETURN_TYPE = YES;
				GCC_WARN_UNINITIALIZED_AUTOS = YES;
				GCC_WARN_UNUSED_VARIABLE = YES;
				HEADER_SEARCH_PATHS = (
					"$(BUILT_PRODUCTS_DIR)/../three20",
					"$(BUILT_PRODUCTS_DIR)/../../three20",
					three20/Build/Products/three20,
				);
				IPHONEOS_DEPLOYMENT_TARGET = 6.0;
				OTHER_CFLAGS = "-DNS_BLOCK_ASSERTIONS=1";
				OTHER_LDFLAGS = "-ObjC";
				SDKROOT = iphoneos;
				VALIDATE_PRODUCT = YES;
			};
			name = Release;
		};
		89845F8C162601110005ECF6 /* Debug */ = {
			isa = XCBuildConfiguration;
			buildSettings = {
				GCC_PRECOMPILE_PREFIX_HEADER = YES;
				GCC_PREFIX_HEADER = "korpokkur/korpokkur-Prefix.pch";
				HEADER_SEARCH_PATHS = (
					"$(BUILT_PRODUCTS_DIR)/../three20",
					"$(BUILT_PRODUCTS_DIR)/../../three20",
					"$(BUILT_PRODUCTS_DIR)/../BlocksKit/**",
					three20/Build/Products/three20,
				);
				INFOPLIST_FILE = "korpokkur/korpokkur-Info.plist";
				IPHONEOS_DEPLOYMENT_TARGET = 6.0;
				ONLY_ACTIVE_ARCH = YES;
				OTHER_LDFLAGS = "-ObjC";
				PRODUCT_NAME = "$(TARGET_NAME)";
				USER_HEADER_SEARCH_PATHS = "\"${PROJECT_DIR}/three20/src/extThree20JSON\"/** \"${PROJECT_DIR}/BlocksKit\"/**";
				WRAPPER_EXTENSION = app;
			};
			name = Debug;
		};
		89845F8D162601110005ECF6 /* Release */ = {
			isa = XCBuildConfiguration;
			buildSettings = {
				GCC_PRECOMPILE_PREFIX_HEADER = YES;
				GCC_PREFIX_HEADER = "korpokkur/korpokkur-Prefix.pch";
				HEADER_SEARCH_PATHS = (
					"$(BUILT_PRODUCTS_DIR)/../three20",
					"$(BUILT_PRODUCTS_DIR)/../../three20",
					"$(BUILT_PRODUCTS_DIR)/../BlocksKit/**",
					three20/Build/Products/three20,
				);
				INFOPLIST_FILE = "korpokkur/korpokkur-Info.plist";
				IPHONEOS_DEPLOYMENT_TARGET = 6.0;
				OTHER_LDFLAGS = "-ObjC";
				PRODUCT_NAME = "$(TARGET_NAME)";
				USER_HEADER_SEARCH_PATHS = "\"${PROJECT_DIR}/three20/src/extThree20JSON\"/** \"${PROJECT_DIR}/BlocksKit\"/**";
				WRAPPER_EXTENSION = app;
			};
			name = Release;
		};
/* End XCBuildConfiguration section */

/* Begin XCConfigurationList section */
		89845F62162601110005ECF6 /* Build configuration list for PBXProject "korpokkur" */ = {
			isa = XCConfigurationList;
			buildConfigurations = (
				89845F89162601110005ECF6 /* Debug */,
				89845F8A162601110005ECF6 /* Release */,
			);
			defaultConfigurationIsVisible = 0;
			defaultConfigurationName = Release;
		};
		89845F8B162601110005ECF6 /* Build configuration list for PBXNativeTarget "korpokkur" */ = {
			isa = XCConfigurationList;
			buildConfigurations = (
				89845F8C162601110005ECF6 /* Debug */,
				89845F8D162601110005ECF6 /* Release */,
			);
			defaultConfigurationIsVisible = 0;
			defaultConfigurationName = Release;
		};
/* End XCConfigurationList section */

/* Begin XCVersionGroup section */
		89845F86162601110005ECF6 /* korpokkur.xcdatamodeld */ = {
			isa = XCVersionGroup;
			children = (
				89845F87162601110005ECF6 /* korpokkur.xcdatamodel */,
			);
			currentVersion = 89845F87162601110005ECF6 /* korpokkur.xcdatamodel */;
			path = korpokkur.xcdatamodeld;
			sourceTree = "<group>";
			versionGroupType = wrapper.xcdatamodel;
		};
/* End XCVersionGroup section */
	};
	rootObject = 89845F5F162601110005ECF6 /* Project object */;
}
